
Microsoft Visual Studio Solution File, Format Version 12.00
# Visual Studio Version 17
VisualStudioVersion = 17.11.35303.130
MinimumVisualStudioVersion = 10.0.40219.1
Project("{FAE04EC0-301F-11D3-BF4B-00C04F79EFBC}") = "PackLibrary", "PackLibrary\PackLibrary.csproj", "{3551C124-C79E-46FC-8479-89065BC4AFF9}"
EndProject
Project("{FAE04EC0-301F-11D3-BF4B-00C04F79EFBC}") = "PeopleApp", "PeopleApp\PeopleApp.csproj", "{E8F835D6-C36C-40B9-A7C5-5C7F544F6793}"
EndProject
Global
	GlobalSection(SolutionConfigurationPlatforms) = preSolution
		Debug|Any CPU = Debug|Any CPU
		Release|Any CPU = Release|Any CPU
	EndGlobalSection
	GlobalSection(ProjectConfigurationPlatforms) = postSolution
		{3551C124-C79E-46FC-8479-89065BC4AFF9}.Debug|Any CPU.ActiveCfg = Debug|Any CPU
		{3551C124-C79E-46FC-8479-89065BC4AFF9}.Debug|Any CPU.Build.0 = Debug|Any CPU
		{3551C124-C79E-46FC-8479-89065BC4AFF9}.Release|Any CPU.ActiveCfg = Release|Any CPU
		{3551C124-C79E-46FC-8479-89065BC4AFF9}.Release|Any CPU.Build.0 = Release|Any CPU
		{E8F835D6-C36C-40B9-A7C5-5C7F544F6793}.Debug|Any CPU.ActiveCfg = Debug|Any CPU
		{E8F835D6-C36C-40B9-A7C5-5C7F544F6793}.Debug|Any CPU.Build.0 = Debug|Any CPU
		{E8F835D6-C36C-40B9-A7C5-5C7F544F6793}.Release|Any CPU.ActiveCfg = Release|Any CPU
		{E8F835D6-C36C-40B9-A7C5-5C7F544F6793}.Release|Any CPU.Build.0 = Release|Any CPU
	EndGlobalSection
	GlobalSection(SolutionProperties) = preSolution
		HideSolutionNode = FALSE
	EndGlobalSection
	GlobalSection(ExtensibilityGlobals) = postSolution
		SolutionGuid = {89583AE0-2B52-4604-B5AC-EAC11E0B414F}
	EndGlobalSection
EndGlobal
